
Microsoft Visual Studio Solution File, Format Version 12.00
# Visual Studio Version 16
VisualStudioVersion = 16.0.31005.135
MinimumVisualStudioVersion = 10.0.40219.1
Project("{9A19103F-16F7-4668-BE54-9A1E7A4F7556}") = "Client", "Client\Client.csproj", "{D6315E8A-4D3C-48F8-AE73-B8CBC58D910F}"
EndProject
Project("{9A19103F-16F7-4668-BE54-9A1E7A4F7556}") = "Server", "Server\Server.csproj", "{D40F1EF6-C764-436B-AEF6-9BFC7F491E38}"
EndProject
Global
	GlobalSection(SolutionConfigurationPlatforms) = preSolution
		Debug|Any CPU = Debug|Any CPU
		Release|Any CPU = Release|Any CPU
	EndGlobalSection
	GlobalSection(ProjectConfigurationPlatforms) = postSolution
		{D6315E8A-4D3C-48F8-AE73-B8CBC58D910F}.Debug|Any CPU.ActiveCfg = Debug|Any CPU
		{D6315E8A-4D3C-48F8-AE73-B8CBC58D910F}.Debug|Any CPU.Build.0 = Debug|Any CPU
		{D6315E8A-4D3C-48F8-AE73-B8CBC58D910F}.Release|Any CPU.ActiveCfg = Release|Any CPU
		{D6315E8A-4D3C-48F8-AE73-B8CBC58D910F}.Release|Any CPU.Build.0 = Release|Any CPU
		{D40F1EF6-C764-436B-AEF6-9BFC7F491E38}.Debug|Any CPU.ActiveCfg = Debug|Any CPU
		{D40F1EF6-C764-436B-AEF6-9BFC7F491E38}.Debug|Any CPU.Build.0 = Debug|Any CPU
		{D40F1EF6-C764-436B-AEF6-9BFC7F491E38}.Release|Any CPU.ActiveCfg = Release|Any CPU
		{D40F1EF6-C764-436B-AEF6-9BFC7F491E38}.Release|Any CPU.Build.0 = Release|Any CPU
	EndGlobalSection
	GlobalSection(SolutionProperties) = preSolution
		HideSolutionNode = FALSE
	EndGlobalSection
	GlobalSection(ExtensibilityGlobals) = postSolution
		SolutionGuid = {33F95C28-B4C6-442B-AB7E-F8C3B0729F2D}
	EndGlobalSection
EndGlobal
